
Microsoft Visual Studio Solution File, Format Version 12.00
# Visual Studio Version 17
VisualStudioVersion = 17.1.32407.343
MinimumVisualStudioVersion = 10.0.40219.1
Project("{2150E333-8FDC-42A3-9474-1A3956D46DE8}") = "Solution Items", "Solution Items", "{0C0F4807-4925-485A-B288-06E6756485B7}"
	ProjectSection(SolutionItems) = preProject
		KDBX File Format.md = KDBX File Format.md
		LICENSE = LICENSE
		README.md = README.md
		VERSION = VERSION
	EndProjectSection
EndProject
Project("{FAE04EC0-301F-11D3-BF4B-00C04F79EFBC}") = "YubiKeeCR", "YubiKeeCR\YubiKeeCR.csproj", "{F032E6C7-3EA8-46A9-AC56-58D01FFADF5C}"
EndProject
Global
	GlobalSection(SolutionConfigurationPlatforms) = preSolution
		Debug|Any CPU = Debug|Any CPU
		Release|Any CPU = Release|Any CPU
	EndGlobalSection
	GlobalSection(ProjectConfigurationPlatforms) = postSolution
		{F032E6C7-3EA8-46A9-AC56-58D01FFADF5C}.Debug|Any CPU.ActiveCfg = Debug|Any CPU
		{F032E6C7-3EA8-46A9-AC56-58D01FFADF5C}.Debug|Any CPU.Build.0 = Debug|Any CPU
		{F032E6C7-3EA8-46A9-AC56-58D01FFADF5C}.Release|Any CPU.ActiveCfg = Release|Any CPU
		{F032E6C7-3EA8-46A9-AC56-58D01FFADF5C}.Release|Any CPU.Build.0 = Release|Any CPU
	EndGlobalSection
	GlobalSection(SolutionProperties) = preSolution
		HideSolutionNode = FALSE
	EndGlobalSection
	GlobalSection(ExtensibilityGlobals) = postSolution
		SolutionGuid = {2AD856EA-16C3-48F3-ADC8-374DC5C6C379}
	EndGlobalSection
EndGlobal
